{
  "name": "meme-radar-open-source",
  "version": "0.1.7",
  "lockfileVersion": 3,
  "requires": true,
  "packages": {
    "": {
      "name": "meme-radar-open-source",
      "version": "0.1.7",
      "license": "AGPL-3.0-only",
      "engines": {
        "node": "^22.23.0 || >=24.5.0"
      }
    }
  }
}
