lockfileVersion: '9.0'

settings:
  autoInstallPeers: true
  excludeLinksFromLockfile: false

importers:

  .:
    dependencies:
      gmgn-cli:
        specifier: 1.5.7
        version: 1.5.7

packages:

  commander@12.1.0:
    resolution: {integrity: sha512-Vw8qHK3bZM9y/P10u3Vib8o/DdkvA2OtPtZvD871QKjy74Wj1WSKFILMPRPSdUSx5RFK1arlJzEtA4PkFgnbuA==}
    engines: {node: '>=18'}

  dotenv@16.6.1:
    resolution: {integrity: sha512-uBq4egWHTcTt33a72vpSG0z3HnPuIl6NqYcTrKEg2azoEyl2hpW0zqlxysq2pK9HlDIHyHyakeYaYnSAwd8bow==}
    engines: {node: '>=12'}

  gmgn-cli@1.5.7:
    resolution: {integrity: sha512-vxI0uDlhRL4Rn6tJV3z2VRPGnmKDneA6/WdcwlFvHyUMh6pCClLF4f8Srk1xpoJvb/DhxXk0K/b1cTSA98sNJQ==}
    engines: {node: '>=18.0.0'}
    hasBin: true

  ip-address@10.7.2:
    resolution: {integrity: sha512-7H/2gFSIitxc0hG3nOI1glS8QLo/EHBFFLk8vEUjXY/xu0AdL8jZ9U1IzO2PUm0d2D/ofQcAifb0g6OBkt8U7w==}
    engines: {node: '>= 12'}

  smart-buffer@4.2.0:
    resolution: {integrity: sha512-94hK0Hh8rPqQl2xXc3HsaBoOXKV20MToPkcXvwbISWLEs+64sBq5kFgn2kJDHb1Pry9yrP0dxrCI9RRci7RXKg==}
    engines: {node: '>= 6.0.0', npm: '>= 3.0.0'}

  socks@2.8.10:
    resolution: {integrity: sha512-e0VyvkVTwVYViNovRkZ9aodhxVlyoMn7eJhVUPxZ+eK9P/7CBkxvvsBOHqFPEH416726W8tLXXXjKwqgTErrCQ==}
    engines: {node: '>= 10.0.0', npm: '>= 3.0.0'}

  undici@7.29.1:
    resolution: {integrity: sha512-RYONW2MeafgYlkVOKYKkA/Ag7BmXqgIWCa8t1m0JcxrQg9pI9lEqRhAOruOBCbAohOa/gkCF+iPi9hrgvTzu6Q==}
    engines: {node: '>=20.18.1'}

snapshots:

  commander@12.1.0: {}

  dotenv@16.6.1: {}

  gmgn-cli@1.5.7:
    dependencies:
      commander: 12.1.0
      dotenv: 16.6.1
      socks: 2.8.10
      undici: 7.29.1

  ip-address@10.7.2: {}

  smart-buffer@4.2.0: {}

  socks@2.8.10:
    dependencies:
      ip-address: 10.7.2
      smart-buffer: 4.2.0

  undici@7.29.1: {}
